
Microsoft Visual Studio Solution File, Format Version 12.00
# Visual Studio Version 16
VisualStudioVersion = 16.0.31624.102
MinimumVisualStudioVersion = 10.0.40219.1
Project("{FAE04EC0-301F-11D3-BF4B-00C04F79EFBC}") = "ASPProject", "ASPProject\ASPProject.csproj", "{2FF65A7E-D588-4AF0-9CEE-78319A3DF5CC}"
EndProject
Global
	GlobalSection(SolutionConfigurationPlatforms) = preSolution
		Debug|Any CPU = Debug|Any CPU
		Release|Any CPU = Release|Any CPU
	EndGlobalSection
	GlobalSection(ProjectConfigurationPlatforms) = postSolution
		{2FF65A7E-D588-4AF0-9CEE-78319A3DF5CC}.Debug|Any CPU.ActiveCfg = Debug|Any CPU
		{2FF65A7E-D588-4AF0-9CEE-78319A3DF5CC}.Debug|Any CPU.Build.0 = Debug|Any CPU
		{2FF65A7E-D588-4AF0-9CEE-78319A3DF5CC}.Release|Any CPU.ActiveCfg = Release|Any CPU
		{2FF65A7E-D588-4AF0-9CEE-78319A3DF5CC}.Release|Any CPU.Build.0 = Release|Any CPU
	EndGlobalSection
	GlobalSection(SolutionProperties) = preSolution
		HideSolutionNode = FALSE
	EndGlobalSection
	GlobalSection(ExtensibilityGlobals) = postSolution
		SolutionGuid = {5DA06A82-BCEB-4C62-8B7B-70F31134FA85}
	EndGlobalSection
EndGlobal
